
Microsoft Visual Studio Solution File, Format Version 12.00
# Visual Studio 15
VisualStudioVersion = 15.0.27130.2003
MinimumVisualStudioVersion = 10.0.40219.1
Project("{9A19103F-16F7-4668-BE54-9A1E7A4F7556}") = "CuponAPI", "CuponAPI\CuponAPI.csproj", "{A7294ACC-F72B-4060-8F95-76BC61030CE2}"
EndProject
Global
	GlobalSection(SolutionConfigurationPlatforms) = preSolution
		Debug|Any CPU = Debug|Any CPU
		Release|Any CPU = Release|Any CPU
	EndGlobalSection
	GlobalSection(ProjectConfigurationPlatforms) = postSolution
		{A7294ACC-F72B-4060-8F95-76BC61030CE2}.Debug|Any CPU.ActiveCfg = Debug|Any CPU
		{A7294ACC-F72B-4060-8F95-76BC61030CE2}.Debug|Any CPU.Build.0 = Debug|Any CPU
		{A7294ACC-F72B-4060-8F95-76BC61030CE2}.Release|Any CPU.ActiveCfg = Release|Any CPU
		{A7294ACC-F72B-4060-8F95-76BC61030CE2}.Release|Any CPU.Build.0 = Release|Any CPU
	EndGlobalSection
	GlobalSection(SolutionProperties) = preSolution
		HideSolutionNode = FALSE
	EndGlobalSection
	GlobalSection(ExtensibilityGlobals) = postSolution
		SolutionGuid = {2DB65353-F9D8-4448-BCEB-24E7C7C09681}
	EndGlobalSection
EndGlobal
